# This file was autogenerated by Stack.
# You should not edit this file by hand.
# For more information, please see the documentation at:
#   https://docs.haskellstack.org/en/stable/topics/lock_files

packages:
- completed:
    hackage: hegg-0.5.0.0@sha256:993731feab5c5cacb8c1aeeb3f23dd23fc38055156ddf3d5368f98ce3b21e208,6122
    pantry-tree:
      sha256: f898c6c914989e99a50602a1f97d60d3375153b24395724290828fe3476a9d1c
      size: 2443
  original:
    hackage: hegg-0.5.0.0@sha256:993731feab5c5cacb8c1aeeb3f23dd23fc38055156ddf3d5368f98ce3b21e208,6122
snapshots:
- completed:
    sha256: 63539429076b7ebbab6daa7656cfb079393bf644971156dc349d7c0453694ac2
    size: 586296
    url: https://raw.githubusercontent.com/commercialhaskell/stackage-snapshots/master/lts/18/18.yaml
  original: lts-18.18
